
Microsoft Visual Studio Solution File, Format Version 12.00
# Visual Studio Version 17
VisualStudioVersion = 17.10.34928.147
MinimumVisualStudioVersion = 10.0.40219.1
Project("{FAE04EC0-301F-11D3-BF4B-00C04F79EFBC}") = "AccumulatedValue", "AccumulatedValue\AccumulatedValue.csproj", "{B95B22E1-5653-4518-9FA6-E04DAB6FDAB4}"
EndProject
Global
	GlobalSection(SolutionConfigurationPlatforms) = preSolution
		Debug|Any CPU = Debug|Any CPU
		Release|Any CPU = Release|Any CPU
	EndGlobalSection
	GlobalSection(ProjectConfigurationPlatforms) = postSolution
		{B95B22E1-5653-4518-9FA6-E04DAB6FDAB4}.Debug|Any CPU.ActiveCfg = Debug|Any CPU
		{B95B22E1-5653-4518-9FA6-E04DAB6FDAB4}.Debug|Any CPU.Build.0 = Debug|Any CPU
		{B95B22E1-5653-4518-9FA6-E04DAB6FDAB4}.Release|Any CPU.ActiveCfg = Release|Any CPU
		{B95B22E1-5653-4518-9FA6-E04DAB6FDAB4}.Release|Any CPU.Build.0 = Release|Any CPU
	EndGlobalSection
	GlobalSection(SolutionProperties) = preSolution
		HideSolutionNode = FALSE
	EndGlobalSection
	GlobalSection(ExtensibilityGlobals) = postSolution
		SolutionGuid = {DBB7B35F-C928-4A6C-BD85-EB9C85FA1F0F}
	EndGlobalSection
EndGlobal
